
Microsoft Visual Studio Solution File, Format Version 12.00
Project("{FAE04EC0-301F-11D3-BF4B-00C04F79EFBC}") = "integrateur", "integrateur\integrateur.csproj", "{EF49A4A1-50BF-4D36-8F3F-9196C94BC168}"
EndProject
Global
	GlobalSection(SolutionConfigurationPlatforms) = preSolution
		Debug|Any CPU = Debug|Any CPU
		Release|Any CPU = Release|Any CPU
	EndGlobalSection
	GlobalSection(ProjectConfigurationPlatforms) = postSolution
		{EF49A4A1-50BF-4D36-8F3F-9196C94BC168}.Debug|Any CPU.ActiveCfg = Debug|Any CPU
		{EF49A4A1-50BF-4D36-8F3F-9196C94BC168}.Debug|Any CPU.Build.0 = Debug|Any CPU
		{EF49A4A1-50BF-4D36-8F3F-9196C94BC168}.Release|Any CPU.ActiveCfg = Release|Any CPU
		{EF49A4A1-50BF-4D36-8F3F-9196C94BC168}.Release|Any CPU.Build.0 = Release|Any CPU
	EndGlobalSection
EndGlobal
